version = 1
revision = 2
requires-python = ">=3.13.5, <3.14"

[[package]]
name = "einops"
version = "0.8.1"
source = { registry = "https://pypi.org/simple" }
sdist = { url = "https://files.pythonhosted.org/packages/e5/81/df4fbe24dff8ba3934af99044188e20a98ed441ad17a274539b74e82e126/einops-0.8.1.tar.gz", hash = "sha256:de5d960a7a761225532e0f1959e5315ebeafc0cd43394732f103ca44b9837e84", size = 54805, upload-time = "2025-02-09T03:17:00.434Z" }
wheels = [
    { url = "https://files.pythonhosted.org/packages/87/62/9773de14fe6c45c23649e98b83231fffd7b9892b6cf863251dc2afa73643/einops-0.8.1-py3-none-any.whl", hash = "sha256:919387eb55330f5757c6bea9165c5ff5cfe63a642682ea788a6d472576d81737", size = 64359, upload-time = "2025-02-09T03:17:01.998Z" },
]

[[package]]
name = "motion-gen-survey"
version = "0.1.0"
source = { editable = "." }
dependencies = [
    { name = "einops" },
]

[package.metadata]
requires-dist = [{ name = "einops", specifier = ">=0.8.1,<0.9" }]
provides-extras = ["dev"]
